// !$*UTF8*$!
{
	archiveVersion = 1;
	classes = {
	};
	objectVersion = 50;
	objects = {

/* Begin PBXBuildFile section */
		4089F49F25F29553001031E8 /* InjectionIII.app in Resources */ = {isa = PBXBuildFile; fileRef = 4089F49E25F29553001031E8 /* InjectionIII.app */; };
		4089F4A425F29BE1001031E8 /* Test.m in Sources */ = {isa = PBXBuildFile; fileRef = 4089F4A325F29BE1001031E8 /* Test.m */; };
		40C2419325F2780B0077E45B /* AppDelegate.m in Sources */ = {isa = PBXBuildFile; fileRef = 40C2419225F2780B0077E45B /* AppDelegate.m */; };
		40C2419625F2780B0077E45B /* SceneDelegate.m in Sources */ = {isa = PBXBuildFile; fileRef = 40C2419525F2780B0077E45B /* SceneDelegate.m */; };
		40C2419925F2780B0077E45B /* ViewController.m in Sources */ = {isa = PBXBuildFile; fileRef = 40C2419825F2780B0077E45B /* ViewController.m */; };
		40C2419C25F2780B0077E45B /* Main.storyboard in Resources */ = {isa = PBXBuildFile; fileRef = 40C2419A25F2780B0077E45B /* Main.storyboard */; };
		40C2419E25F2780E0077E45B /* Assets.xcassets in Resources */ = {isa = PBXBuildFile; fileRef = 40C2419D25F2780E0077E45B /* Assets.xcassets */; };
		40C241A125F2780E0077E45B /* LaunchScreen.storyboard in Resources */ = {isa = PBXBuildFile; fileRef = 40C2419F25F2780E0077E45B /* LaunchScreen.storyboard */; };
		40C241A425F2780E0077E45B /* main.m in Sources */ = {isa = PBXBuildFile; fileRef = 40C241A325F2780E0077E45B /* main.m */; };
		40C241AE25F2780E0077E45B /* DyldLoadDemoTests.m in Sources */ = {isa = PBXBuildFile; fileRef = 40C241AD25F2780E0077E45B /* DyldLoadDemoTests.m */; };
		40C241B925F2780E0077E45B /* DyldLoadDemoUITests.m in Sources */ = {isa = PBXBuildFile; fileRef = 40C241B825F2780E0077E45B /* DyldLoadDemoUITests.m */; };
/* End PBXBuildFile section */

/* Begin PBXContainerItemProxy section */
		40C241AA25F2780E0077E45B /* PBXContainerItemProxy */ = {
			isa = PBXContainerItemProxy;
			containerPortal = 40C2418625F2780B0077E45B /* Project object */;
			proxyType = 1;
			remoteGlobalIDString = 40C2418D25F2780B0077E45B;
			remoteInfo = DyldLoadDemo;
		};
		40C241B525F2780E0077E45B /* PBXContainerItemProxy */ = {
			isa = PBXContainerItemProxy;
			containerPortal = 40C2418625F2780B0077E45B /* Project object */;
			proxyType = 1;
			remoteGlobalIDString = 40C2418D25F2780B0077E45B;
			remoteInfo = DyldLoadDemo;
		};
/* End PBXContainerItemProxy section */

/* Begin PBXFileReference section */
		4089F49E25F29553001031E8 /* InjectionIII.app */ = {isa = PBXFileReference; lastKnownFileType = wrapper.application; path = InjectionIII.app; sourceTree = "<group>"; };
		4089F4A125F297D3001031E8 /* Header.h */ = {isa = PBXFileReference; lastKnownFileType = sourcecode.c.h; path = Header.h; sourceTree = "<group>"; };
		4089F4A225F29BE1001031E8 /* Test.h */ = {isa = PBXFileReference; lastKnownFileType = sourcecode.c.h; path = Test.h; sourceTree = "<group>"; };
		4089F4A325F29BE1001031E8 /* Test.m */ = {isa = PBXFileReference; lastKnownFileType = sourcecode.c.objc; path = Test.m; sourceTree = "<group>"; };
		40C2418E25F2780B0077E45B /* DyldLoadDemo.app */ = {isa = PBXFileReference; explicitFileType = wrapper.application; includeInIndex = 0; path = DyldLoadDemo.app; sourceTree = BUILT_PRODUCTS_DIR; };
		40C2419125F2780B0077E45B /* AppDelegate.h */ = {isa = PBXFileReference; lastKnownFileType = sourcecode.c.h; path = AppDelegate.h; sourceTree = "<group>"; };
		40C2419225F2780B0077E45B /* AppDelegate.m */ = {isa = PBXFileReference; lastKnownFileType = sourcecode.c.objc; path = AppDelegate.m; sourceTree = "<group>"; };
		40C2419425F2780B0077E45B /* SceneDelegate.h */ = {isa = PBXFileReference; lastKnownFileType = sourcecode.c.h; path = SceneDelegate.h; sourceTree = "<group>"; };
		40C2419525F2780B0077E45B /* SceneDelegate.m */ = {isa = PBXFileReference; lastKnownFileType = sourcecode.c.objc; path = SceneDelegate.m; sourceTree = "<group>"; };
		40C2419725F2780B0077E45B /* ViewController.h */ = {isa = PBXFileReference; lastKnownFileType = sourcecode.c.h; path = ViewController.h; sourceTree = "<group>"; };
		40C2419825F2780B0077E45B /* ViewController.m */ = {isa = PBXFileReference; lastKnownFileType = sourcecode.c.objc; path = ViewController.m; sourceTree = "<group>"; };
		40C2419B25F2780B0077E45B /* Base */ = {isa = PBXFileReference; lastKnownFileType = file.storyboard; name = Base; path = Base.lproj/Main.storyboard; sourceTree = "<group>"; };
		40C2419D25F2780E0077E45B /* Assets.xcassets */ = {isa = PBXFileReference; lastKnownFileType = folder.assetcatalog; path = Assets.xcassets; sourceTree = "<group>"; };
		40C241A025F2780E0077E45B /* Base */ = {isa = PBXFileReference; lastKnownFileType = file.storyboard; name = Base; path = Base.lproj/LaunchScreen.storyboard; sourceTree = "<group>"; };
		40C241A225F2780E0077E45B /* Info.plist */ = {isa = PBXFileReference; lastKnownFileType = text.plist.xml; path = Info.plist; sourceTree = "<group>"; };
		40C241A325F2780E0077E45B /* main.m */ = {isa = PBXFileReference; lastKnownFileType = sourcecode.c.objc; path = main.m; sourceTree = "<group>"; };
		40C241A925F2780E0077E45B /* DyldLoadDemoTests.xctest */ = {isa = PBXFileReference; explicitFileType = wrapper.cfbundle; includeInIndex = 0; path = DyldLoadDemoTests.xctest; sourceTree = BUILT_PRODUCTS_DIR; };
		40C241AD25F2780E0077E45B /* DyldLoadDemoTests.m */ = {isa = PBXFileReference; lastKnownFileType = sourcecode.c.objc; path = DyldLoadDemoTests.m; sourceTree = "<group>"; };
		40C241AF25F2780E0077E45B /* Info.plist */ = {isa = PBXFileReference; lastKnownFileType = text.plist.xml; path = Info.plist; sourceTree = "<group>"; };
		40C241B425F2780E0077E45B /* DyldLoadDemoUITests.xctest */ = {isa = PBXFileReference; explicitFileType = wrapper.cfbundle; includeInIndex = 0; path = DyldLoadDemoUITests.xctest; sourceTree = BUILT_PRODUCTS_DIR; };
		40C241B825F2780E0077E45B /* DyldLoadDemoUITests.m */ = {isa = PBXFileReference; lastKnownFileType = sourcecode.c.objc; path = DyldLoadDemoUITests.m; sourceTree = "<group>"; };
		40C241BA25F2780E0077E45B /* Info.plist */ = {isa = PBXFileReference; lastKnownFileType = text.plist.xml; path = Info.plist; sourceTree = "<group>"; };
/* End PBXFileReference section */

/* Begin PBXFrameworksBuildPhase section */
		40C2418B25F2780B0077E45B /* Frameworks */ = {
			isa = PBXFrameworksBuildPhase;
			buildActionMask = 2147483647;
			files = (
			);
			runOnlyForDeploymentPostprocessing = 0;
		};
		40C241A625F2780E0077E45B /* Frameworks */ = {
			isa = PBXFrameworksBuildPhase;
			buildActionMask = 2147483647;
			files = (
			);
			runOnlyForDeploymentPostprocessing = 0;
		};
		40C241B125F2780E0077E45B /* Frameworks */ = {
			isa = PBXFrameworksBuildPhase;
			buildActionMask = 2147483647;
			files = (
			);
			runOnlyForDeploymentPostprocessing = 0;
		};
/* End PBXFrameworksBuildPhase section */

/* Begin PBXGroup section */
		4089F4A025F297BC001031E8 /* Resources */ = {
			isa = PBXGroup;
			children = (
				4089F49E25F29553001031E8 /* InjectionIII.app */,
				4089F4A125F297D3001031E8 /* Header.h */,
			);
			path = Resources;
			sourceTree = "<group>";
		};
		40C2418525F2780B0077E45B = {
			isa = PBXGroup;
			children = (
				4089F4A025F297BC001031E8 /* Resources */,
				40C2419025F2780B0077E45B /* DyldLoadDemo */,
				40C241AC25F2780E0077E45B /* DyldLoadDemoTests */,
				40C241B725F2780E0077E45B /* DyldLoadDemoUITests */,
				40C2418F25F2780B0077E45B /* Products */,
			);
			sourceTree = "<group>";
		};
		40C2418F25F2780B0077E45B /* Products */ = {
			isa = PBXGroup;
			children = (
				40C2418E25F2780B0077E45B /* DyldLoadDemo.app */,
				40C241A925F2780E0077E45B /* DyldLoadDemoTests.xctest */,
				40C241B425F2780E0077E45B /* DyldLoadDemoUITests.xctest */,
			);
			name = Products;
			sourceTree = "<group>";
		};
		40C2419025F2780B0077E45B /* DyldLoadDemo */ = {
			isa = PBXGroup;
			children = (
				40C2419125F2780B0077E45B /* AppDelegate.h */,
				40C2419225F2780B0077E45B /* AppDelegate.m */,
				40C2419425F2780B0077E45B /* SceneDelegate.h */,
				40C2419525F2780B0077E45B /* SceneDelegate.m */,
				40C2419725F2780B0077E45B /* ViewController.h */,
				40C2419825F2780B0077E45B /* ViewController.m */,
				40C2419A25F2780B0077E45B /* Main.storyboard */,
				40C2419D25F2780E0077E45B /* Assets.xcassets */,
				40C2419F25F2780E0077E45B /* LaunchScreen.storyboard */,
				40C241A225F2780E0077E45B /* Info.plist */,
				40C241A325F2780E0077E45B /* main.m */,
				4089F4A225F29BE1001031E8 /* Test.h */,
				4089F4A325F29BE1001031E8 /* Test.m */,
			);
			path = DyldLoadDemo;
			sourceTree = "<group>";
		};
		40C241AC25F2780E0077E45B /* DyldLoadDemoTests */ = {
			isa = PBXGroup;
			children = (
				40C241AD25F2780E0077E45B /* DyldLoadDemoTests.m */,
				40C241AF25F2780E0077E45B /* Info.plist */,
			);
			path = DyldLoadDemoTests;
			sourceTree = "<group>";
		};
		40C241B725F2780E0077E45B /* DyldLoadDemoUITests */ = {
			isa = PBXGroup;
			children = (
				40C241B825F2780E0077E45B /* DyldLoadDemoUITests.m */,
				40C241BA25F2780E0077E45B /* Info.plist */,
			);
			path = DyldLoadDemoUITests;
			sourceTree = "<group>";
		};
/* End PBXGroup section */

/* Begin PBXNativeTarget section */
		40C2418D25F2780B0077E45B /* DyldLoadDemo */ = {
			isa = PBXNativeTarget;
			buildConfigurationList = 40C241BD25F2780E0077E45B /* Build configuration list for PBXNativeTarget "DyldLoadDemo" */;
			buildPhases = (
				40C2418A25F2780B0077E45B /* Sources */,
				40C2418B25F2780B0077E45B /* Frameworks */,
				40C2418C25F2780B0077E45B /* Resources */,
			);
			buildRules = (
			);
			dependencies = (
			);
			name = DyldLoadDemo;
			productName = DyldLoadDemo;
			productReference = 40C2418E25F2780B0077E45B /* DyldLoadDemo.app */;
			productType = "com.apple.product-type.application";
		};
		40C241A825F2780E0077E45B /* DyldLoadDemoTests */ = {
			isa = PBXNativeTarget;
			buildConfigurationList = 40C241C025F2780E0077E45B /* Build configuration list for PBXNativeTarget "DyldLoadDemoTests" */;
			buildPhases = (
				40C241A525F2780E0077E45B /* Sources */,
				40C241A625F2780E0077E45B /* Frameworks */,
				40C241A725F2780E0077E45B /* Resources */,
			);
			buildRules = (
			);
			dependencies = (
				40C241AB25F2780E0077E45B /* PBXTargetDependency */,
			);
			name = DyldLoadDemoTests;
			productName = DyldLoadDemoTests;
			productReference = 40C241A925F2780E0077E45B /* DyldLoadDemoTests.xctest */;
			productType = "com.apple.product-type.bundle.unit-test";
		};
		40C241B325F2780E0077E45B /* DyldLoadDemoUITests */ = {
			isa = PBXNativeTarget;
			buildConfigurationList = 40C241C325F2780E0077E45B /* Build configuration list for PBXNativeTarget "DyldLoadDemoUITests" */;
			buildPhases = (
				40C241B025F2780E0077E45B /* Sources */,
				40C241B125F2780E0077E45B /* Frameworks */,
				40C241B225F2780E0077E45B /* Resources */,
			);
			buildRules = (
			);
			dependencies = (
				40C241B625F2780E0077E45B /* PBXTargetDependency */,
			);
			name = DyldLoadDemoUITests;
			productName = DyldLoadDemoUITests;
			productReference = 40C241B425F2780E0077E45B /* DyldLoadDemoUITests.xctest */;
			productType = "com.apple.product-type.bundle.ui-testing";
		};
/* End PBXNativeTarget section */

/* Begin PBXProject section */
		40C2418625F2780B0077E45B /* Project object */ = {
			isa = PBXProject;
			attributes = {
				LastUpgradeCheck = 1170;
				ORGANIZATIONNAME = sunner;
				TargetAttributes = {
					40C2418D25F2780B0077E45B = {
						CreatedOnToolsVersion = 11.7;
					};
					40C241A825F2780E0077E45B = {
						CreatedOnToolsVersion = 11.7;
						TestTargetID = 40C2418D25F2780B0077E45B;
					};
					40C241B325F2780E0077E45B = {
						CreatedOnToolsVersion = 11.7;
						TestTargetID = 40C2418D25F2780B0077E45B;
					};
				};
			};
			buildConfigurationList = 40C2418925F2780B0077E45B /* Build configuration list for PBXProject "DyldLoadDemo" */;
			compatibilityVersion = "Xcode 9.3";
			developmentRegion = en;
			hasScannedForEncodings = 0;
			knownRegions = (
				en,
				Base,
			);
			mainGroup = 40C2418525F2780B0077E45B;
			productRefGroup = 40C2418F25F2780B0077E45B /* Products */;
			projectDirPath = "";
			projectRoot = "";
			targets = (
				40C2418D25F2780B0077E45B /* DyldLoadDemo */,
				40C241A825F2780E0077E45B /* DyldLoadDemoTests */,
				40C241B325F2780E0077E45B /* DyldLoadDemoUITests */,
			);
		};
/* End PBXProject section */

/* Begin PBXResourcesBuildPhase section */
		40C2418C25F2780B0077E45B /* Resources */ = {
			isa = PBXResourcesBuildPhase;
			buildActionMask = 2147483647;
			files = (
				40C241A125F2780E0077E45B /* LaunchScreen.storyboard in Resources */,
				4089F49F25F29553001031E8 /* InjectionIII.app in Resources */,
				40C2419E25F2780E0077E45B /* Assets.xcassets in Resources */,
				40C2419C25F2780B0077E45B /* Main.storyboard in Resources */,
			);
			runOnlyForDeploymentPostprocessing = 0;
		};
		40C241A725F2780E0077E45B /* Resources */ = {
			isa = PBXResourcesBuildPhase;
			buildActionMask = 2147483647;
			files = (
			);
			runOnlyForDeploymentPostprocessing = 0;
		};
		40C241B225F2780E0077E45B /* Resources */ = {
			isa = PBXResourcesBuildPhase;
			buildActionMask = 2147483647;
			files = (
			);
			runOnlyForDeploymentPostprocessing = 0;
		};
/* End PBXResourcesBuildPhase section */

/* Begin PBXSourcesBuildPhase section */
		40C2418A25F2780B0077E45B /* Sources */ = {
			isa = PBXSourcesBuildPhase;
			buildActionMask = 2147483647;
			files = (
				4089F4A425F29BE1001031E8 /* Test.m in Sources */,
				40C2419925F2780B0077E45B /* ViewController.m in Sources */,
				40C2419325F2780B0077E45B /* AppDelegate.m in Sources */,
				40C241A425F2780E0077E45B /* main.m in Sources */,
				40C2419625F2780B0077E45B /* SceneDelegate.m in Sources */,
			);
			runOnlyForDeploymentPostprocessing = 0;
		};
		40C241A525F2780E0077E45B /* Sources */ = {
			isa = PBXSourcesBuildPhase;
			buildActionMask = 2147483647;
			files = (
				40C241AE25F2780E0077E45B /* DyldLoadDemoTests.m in Sources */,
			);
			runOnlyForDeploymentPostprocessing = 0;
		};
		40C241B025F2780E0077E45B /* Sources */ = {
			isa = PBXSourcesBuildPhase;
			buildActionMask = 2147483647;
			files = (
				40C241B925F2780E0077E45B /* DyldLoadDemoUITests.m in Sources */,
			);
			runOnlyForDeploymentPostprocessing = 0;
		};
/* End PBXSourcesBuildPhase section */

/* Begin PBXTargetDependency section */
		40C241AB25F2780E0077E45B /* PBXTargetDependency */ = {
			isa = PBXTargetDependency;
			target = 40C2418D25F2780B0077E45B /* DyldLoadDemo */;
			targetProxy = 40C241AA25F2780E0077E45B /* PBXContainerItemProxy */;
		};
		40C241B625F2780E0077E45B /* PBXTargetDependency */ = {
			isa = PBXTargetDependency;
			target = 40C2418D25F2780B0077E45B /* DyldLoadDemo */;
			targetProxy = 40C241B525F2780E0077E45B /* PBXContainerItemProxy */;
		};
/* End PBXTargetDependency section */

/* Begin PBXVariantGroup section */
		40C2419A25F2780B0077E45B /* Main.storyboard */ = {
			isa = PBXVariantGroup;
			children = (
				40C2419B25F2780B0077E45B /* Base */,
			);
			name = Main.storyboard;
			sourceTree = "<group>";
		};
		40C2419F25F2780E0077E45B /* LaunchScreen.storyboard */ = {
			isa = PBXVariantGroup;
			children = (
				40C241A025F2780E0077E45B /* Base */,
			);
			name = LaunchScreen.storyboard;
			sourceTree = "<group>";
		};
/* End PBXVariantGroup section */

/* Begin XCBuildConfiguration section */
		40C241BB25F2780E0077E45B /* Debug */ = {
			isa = XCBuildConfiguration;
			buildSettings = {
				ALWAYS_SEARCH_USER_PATHS = NO;
				CLANG_ANALYZER_NONNULL = YES;
				CLANG_ANALYZER_NUMBER_OBJECT_CONVERSION = YES_AGGRESSIVE;
				CLANG_CXX_LANGUAGE_STANDARD = "gnu++14";
				CLANG_CXX_LIBRARY = "libc++";
				CLANG_ENABLE_MODULES = YES;
				CLANG_ENABLE_OBJC_ARC = YES;
				CLANG_ENABLE_OBJC_WEAK = YES;
				CLANG_WARN_BLOCK_CAPTURE_AUTORELEASING = YES;
				CLANG_WARN_BOOL_CONVERSION = YES;
				CLANG_WARN_COMMA = YES;
				CLANG_WARN_CONSTANT_CONVERSION = YES;
				CLANG_WARN_DEPRECATED_OBJC_IMPLEMENTATIONS = YES;
				CLANG_WARN_DIRECT_OBJC_ISA_USAGE = YES_ERROR;
				CLANG_WARN_DOCUMENTATION_COMMENTS = YES;
				CLANG_WARN_EMPTY_BODY = YES;
				CLANG_WARN_ENUM_CONVERSION = YES;
				CLANG_WARN_INFINITE_RECURSION = YES;
				CLANG_WARN_INT_CONVERSION = YES;
				CLANG_WARN_NON_LITERAL_NULL_CONVERSION = YES;
				CLANG_WARN_OBJC_IMPLICIT_RETAIN_SELF = YES;
				CLANG_WARN_OBJC_LITERAL_CONVERSION = YES;
				CLANG_WARN_OBJC_ROOT_CLASS = YES_ERROR;
				CLANG_WARN_RANGE_LOOP_ANALYSIS = YES;
				CLANG_WARN_STRICT_PROTOTYPES = YES;
				CLANG_WARN_SUSPICIOUS_MOVE = YES;
				CLANG_WARN_UNGUARDED_AVAILABILITY = YES_AGGRESSIVE;
				CLANG_WARN_UNREACHABLE_CODE = YES;
				CLANG_WARN__DUPLICATE_METHOD_MATCH = YES;
				COPY_PHASE_STRIP = NO;
				DEBUG_INFORMATION_FORMAT = dwarf;
				ENABLE_STRICT_OBJC_MSGSEND = YES;
				ENABLE_TESTABILITY = YES;
				GCC_C_LANGUAGE_STANDARD = gnu11;
				GCC_DYNAMIC_NO_PIC = NO;
				GCC_NO_COMMON_BLOCKS = YES;
				GCC_OPTIMIZATION_LEVEL = 0;
				GCC_PREPROCESSOR_DEFINITIONS = (
					"DEBUG=1",
					"$(inherited)",
				);
				GCC_WARN_64_TO_32_BIT_CONVERSION = YES;
				GCC_WARN_ABOUT_RETURN_TYPE = YES_ERROR;
				GCC_WARN_UNDECLARED_SELECTOR = YES;
				GCC_WARN_UNINITIALIZED_AUTOS = YES_AGGRESSIVE;
				GCC_WARN_UNUSED_FUNCTION = YES;
				GCC_WARN_UNUSED_VARIABLE = YES;
				IPHONEOS_DEPLOYMENT_TARGET = 13.7;
				MTL_ENABLE_DEBUG_INFO = INCLUDE_SOURCE;
				MTL_FAST_MATH = YES;
				ONLY_ACTIVE_ARCH = YES;
				SDKROOT = iphoneos;
			};
			name = Debug;
		};
		40C241BC25F2780E0077E45B /* Release */ = {
			isa = XCBuildConfiguration;
			buildSettings = {
				ALWAYS_SEARCH_USER_PATHS = NO;
				CLANG_ANALYZER_NONNULL = YES;
				CLANG_ANALYZER_NUMBER_OBJECT_CONVERSION = YES_AGGRESSIVE;
				CLANG_CXX_LANGUAGE_STANDARD = "gnu++14";
				CLANG_CXX_LIBRARY = "libc++";
				CLANG_ENABLE_MODULES = YES;
				CLANG_ENABLE_OBJC_ARC = YES;
				CLANG_ENABLE_OBJC_WEAK = YES;
				CLANG_WARN_BLOCK_CAPTURE_AUTORELEASING = YES;
				CLANG_WARN_BOOL_CONVERSION = YES;
				CLANG_WARN_COMMA = YES;
				CLANG_WARN_CONSTANT_CONVERSION = YES;
				CLANG_WARN_DEPRECATED_OBJC_IMPLEMENTATIONS = YES;
				CLANG_WARN_DIRECT_OBJC_ISA_USAGE = YES_ERROR;
				CLANG_WARN_DOCUMENTATION_COMMENTS = YES;
				CLANG_WARN_EMPTY_BODY = YES;
				CLANG_WARN_ENUM_CONVERSION = YES;
				CLANG_WARN_INFINITE_RECURSION = YES;
				CLANG_WARN_INT_CONVERSION = YES;
				CLANG_WARN_NON_LITERAL_NULL_CONVERSION = YES;
				CLANG_WARN_OBJC_IMPLICIT_RETAIN_SELF = YES;
				CLANG_WARN_OBJC_LITERAL_CONVERSION = YES;
				CLANG_WARN_OBJC_ROOT_CLASS = YES_ERROR;
				CLANG_WARN_RANGE_LOOP_ANALYSIS = YES;
				CLANG_WARN_STRICT_PROTOTYPES = YES;
				CLANG_WARN_SUSPICIOUS_MOVE = YES;
				CLANG_WARN_UNGUARDED_AVAILABILITY = YES_AGGRESSIVE;
				CLANG_WARN_UNREACHABLE_CODE = YES;
				CLANG_WARN__DUPLICATE_METHOD_MATCH = YES;
				COPY_PHASE_STRIP = NO;
				DEBUG_INFORMATION_FORMAT = "dwarf-with-dsym";
				ENABLE_NS_ASSERTIONS = NO;
				ENABLE_STRICT_OBJC_MSGSEND = YES;
				GCC_C_LANGUAGE_STANDARD = gnu11;
				GCC_NO_COMMON_BLOCKS = YES;
				GCC_WARN_64_TO_32_BIT_CONVERSION = YES;
				GCC_WARN_ABOUT_RETURN_TYPE = YES_ERROR;
				GCC_WARN_UNDECLARED_SELECTOR = YES;
				GCC_WARN_UNINITIALIZED_AUTOS = YES_AGGRESSIVE;
				GCC_WARN_UNUSED_FUNCTION = YES;
				GCC_WARN_UNUSED_VARIABLE = YES;
				IPHONEOS_DEPLOYMENT_TARGET = 13.7;
				MTL_ENABLE_DEBUG_INFO = NO;
				MTL_FAST_MATH = YES;
				SDKROOT = iphoneos;
				VALIDATE_PRODUCT = YES;
			};
			name = Release;
		};
		40C241BE25F2780E0077E45B /* Debug */ = {
			isa = XCBuildConfiguration;
			buildSettings = {
				ASSETCATALOG_COMPILER_APPICON_NAME = AppIcon;
				CODE_SIGN_STYLE = Automatic;
				DEVELOPMENT_TEAM = VF89SJS4E3;
				INFOPLIST_FILE = DyldLoadDemo/Info.plist;
				LD_RUNPATH_SEARCH_PATHS = (
					"$(inherited)",
					"@executable_path/Frameworks",
				);
				OTHER_LDFLAGS = (
					"-Xlinker",
					"-interposable",
				);
				PRODUCT_BUNDLE_IDENTIFIER = sunner.DyldLoadDemo;
				PRODUCT_NAME = "$(TARGET_NAME)";
				TARGETED_DEVICE_FAMILY = "1,2";
			};
			name = Debug;
		};
		40C241BF25F2780E0077E45B /* Release */ = {
			isa = XCBuildConfiguration;
			buildSettings = {
				ASSETCATALOG_COMPILER_APPICON_NAME = AppIcon;
				CODE_SIGN_STYLE = Automatic;
				DEVELOPMENT_TEAM = VF89SJS4E3;
				INFOPLIST_FILE = DyldLoadDemo/Info.plist;
				LD_RUNPATH_SEARCH_PATHS = (
					"$(inherited)",
					"@executable_path/Frameworks",
				);
				OTHER_LDFLAGS = (
					"-Xlinker",
					"-interposable",
				);
				PRODUCT_BUNDLE_IDENTIFIER = sunner.DyldLoadDemo;
				PRODUCT_NAME = "$(TARGET_NAME)";
				TARGETED_DEVICE_FAMILY = "1,2";
			};
			name = Release;
		};
		40C241C125F2780E0077E45B /* Debug */ = {
			isa = XCBuildConfiguration;
			buildSettings = {
				BUNDLE_LOADER = "$(TEST_HOST)";
				CODE_SIGN_STYLE = Automatic;
				DEVELOPMENT_TEAM = VF89SJS4E3;
				INFOPLIST_FILE = DyldLoadDemoTests/Info.plist;
				IPHONEOS_DEPLOYMENT_TARGET = 13.7;
				LD_RUNPATH_SEARCH_PATHS = (
					"$(inherited)",
					"@executable_path/Frameworks",
					"@loader_path/Frameworks",
				);
				PRODUCT_BUNDLE_IDENTIFIER = sunner.DyldLoadDemoTests;
				PRODUCT_NAME = "$(TARGET_NAME)";
				TARGETED_DEVICE_FAMILY = "1,2";
				TEST_HOST = "$(BUILT_PRODUCTS_DIR)/DyldLoadDemo.app/DyldLoadDemo";
			};
			name = Debug;
		};
		40C241C225F2780E0077E45B /* Release */ = {
			isa = XCBuildConfiguration;
			buildSettings = {
				BUNDLE_LOADER = "$(TEST_HOST)";
				CODE_SIGN_STYLE = Automatic;
				DEVELOPMENT_TEAM = VF89SJS4E3;
				INFOPLIST_FILE = DyldLoadDemoTests/Info.plist;
				IPHONEOS_DEPLOYMENT_TARGET = 13.7;
				LD_RUNPATH_SEARCH_PATHS = (
					"$(inherited)",
					"@executable_path/Frameworks",
					"@loader_path/Frameworks",
				);
				PRODUCT_BUNDLE_IDENTIFIER = sunner.DyldLoadDemoTests;
				PRODUCT_NAME = "$(TARGET_NAME)";
				TARGETED_DEVICE_FAMILY = "1,2";
				TEST_HOST = "$(BUILT_PRODUCTS_DIR)/DyldLoadDemo.app/DyldLoadDemo";
			};
			name = Release;
		};
		40C241C425F2780E0077E45B /* Debug */ = {
			isa = XCBuildConfiguration;
			buildSettings = {
				CODE_SIGN_STYLE = Automatic;
				DEVELOPMENT_TEAM = VF89SJS4E3;
				INFOPLIST_FILE = DyldLoadDemoUITests/Info.plist;
				LD_RUNPATH_SEARCH_PATHS = (
					"$(inherited)",
					"@executable_path/Frameworks",
					"@loader_path/Frameworks",
				);
				PRODUCT_BUNDLE_IDENTIFIER = sunner.DyldLoadDemoUITests;
				PRODUCT_NAME = "$(TARGET_NAME)";
				TARGETED_DEVICE_FAMILY = "1,2";
				TEST_TARGET_NAME = DyldLoadDemo;
			};
			name = Debug;
		};
		40C241C525F2780E0077E45B /* Release */ = {
			isa = XCBuildConfiguration;
			buildSettings = {
				CODE_SIGN_STYLE = Automatic;
				DEVELOPMENT_TEAM = VF89SJS4E3;
				INFOPLIST_FILE = DyldLoadDemoUITests/Info.plist;
				LD_RUNPATH_SEARCH_PATHS = (
					"$(inherited)",
					"@executable_path/Frameworks",
					"@loader_path/Frameworks",
				);
				PRODUCT_BUNDLE_IDENTIFIER = sunner.DyldLoadDemoUITests;
				PRODUCT_NAME = "$(TARGET_NAME)";
				TARGETED_DEVICE_FAMILY = "1,2";
				TEST_TARGET_NAME = DyldLoadDemo;
			};
			name = Release;
		};
/* End XCBuildConfiguration section */

/* Begin XCConfigurationList section */
		40C2418925F2780B0077E45B /* Build configuration list for PBXProject "DyldLoadDemo" */ = {
			isa = XCConfigurationList;
			buildConfigurations = (
				40C241BB25F2780E0077E45B /* Debug */,
				40C241BC25F2780E0077E45B /* Release */,
			);
			defaultConfigurationIsVisible = 0;
			defaultConfigurationName = Release;
		};
		40C241BD25F2780E0077E45B /* Build configuration list for PBXNativeTarget "DyldLoadDemo" */ = {
			isa = XCConfigurationList;
			buildConfigurations = (
				40C241BE25F2780E0077E45B /* Debug */,
				40C241BF25F2780E0077E45B /* Release */,
			);
			defaultConfigurationIsVisible = 0;
			defaultConfigurationName = Release;
		};
		40C241C025F2780E0077E45B /* Build configuration list for PBXNativeTarget "DyldLoadDemoTests" */ = {
			isa = XCConfigurationList;
			buildConfigurations = (
				40C241C125F2780E0077E45B /* Debug */,
				40C241C225F2780E0077E45B /* Release */,
			);
			defaultConfigurationIsVisible = 0;
			defaultConfigurationName = Release;
		};
		40C241C325F2780E0077E45B /* Build configuration list for PBXNativeTarget "DyldLoadDemoUITests" */ = {
			isa = XCConfigurationList;
			buildConfigurations = (
				40C241C425F2780E0077E45B /* Debug */,
				40C241C525F2780E0077E45B /* Release */,
			);
			defaultConfigurationIsVisible = 0;
			defaultConfigurationName = Release;
		};
/* End XCConfigurationList section */
	};
	rootObject = 40C2418625F2780B0077E45B /* Project object */;
}
